version = 1
revision = 3
requires-python = ">=3.12"

[[package]]
name = "asgiref"
version = "3.9.1"
source = { registry = "https://pypi.org/simple" }
sdist = { url = "https://files.pythonhosted.org/packages/90/61/0aa957eec22ff70b830b22ff91f825e70e1ef732c06666a805730f28b36b/asgiref-3.9.1.tar.gz", hash = "sha256:a5ab6582236218e5ef1648f242fd9f10626cfd4de8dc377db215d5d5098e3142", size = 36870, upload-time = "2025-07-08T09:07:43.344Z" }
wheels = [
    { url = "https://files.pythonhosted.org/packages/7c/3c/0464dcada90d5da0e71018c04a140ad6349558afb30b3051b4264cc5b965/asgiref-3.9.1-py3-none-any.whl", hash = "sha256:f3bba7092a48005b5f5bacd747d36ee4a5a61f4a269a6df590b43144355ebd2c", size = 23790, upload-time = "2025-07-08T09:07:41.548Z" },
]

[[package]]
name = "codebase-mindmap"
version = "0.1.0"
source = { virtual = "." }
dependencies = [
    { name = "asgiref" },
    { name = "django" },
    { name = "django-components" },
    { name = "djangorestframework" },
    { name = "djc-core-html-parser" },
    { name = "sqlparse" },
    { name = "typing-extensions" },
    { name = "tzdata" },
]

[package.metadata]
requires-dist = [
    { name = "asgiref", specifier = "==3.9.1" },
    { name = "django", specifier = "==5.2.5" },
    { name = "django-components", specifier = "==0.141.4" },
    { name = "djangorestframework", specifier = "==3.16.1" },
    { name = "djc-core-html-parser", specifier = "==1.0.2" },
    { name = "sqlparse", specifier = "==0.5.3" },
    { name = "typing-extensions", specifier = "==4.15.0" },
    { name = "tzdata", specifier = "==2025.2" },
]

[[package]]
name = "django"
version = "5.2.5"
source = { registry = "https://pypi.org/simple" }
dependencies = [
    { name = "asgiref" },
    { name = "sqlparse" },
    { name = "tzdata", marker = "sys_platform == 'win32'" },
]
sdist = { url = "https://files.pythonhosted.org/packages/62/9b/779f853c3d2d58b9e08346061ff3e331cdec3fe3f53aae509e256412a593/django-5.2.5.tar.gz", hash = "sha256:0745b25681b129a77aae3d4f6549b62d3913d74407831abaa0d9021a03954bae", size = 10859748, upload-time = "2025-08-06T08:26:29.978Z" }
wheels = [
    { url = "https://files.pythonhosted.org/packages/9d/6e/98a1d23648e0085bb5825326af17612ecd8fc76be0ce96ea4dc35e17b926/django-5.2.5-py3-none-any.whl", hash = "sha256:2b2ada0ee8a5ff743a40e2b9820d1f8e24c11bac9ae6469cd548f0057ea6ddcd", size = 8302999, upload-time = "2025-08-06T08:26:23.562Z" },
]

[[package]]
name = "django-components"
version = "0.141.4"
source = { registry = "https://pypi.org/simple" }
dependencies = [
    { name = "django" },
    { name = "djc-core-html-parser" },
    { name = "typing-extensions" },
]
sdist = { url = "https://files.pythonhosted.org/packages/24/4c/7cacdfd782757bce84e289c1aee0d0825b9729104c69dfa832668fc5cff0/django_components-0.141.4.tar.gz", hash = "sha256:9096f6a7900fce3f4a29d5f09e75197fa8ae830992f2cba61580c08faa6c3e4e", size = 200413, upload-time = "2025-08-15T08:44:25.637Z" }
wheels = [
    { url = "https://files.pythonhosted.org/packages/88/b4/314fa4c858ce0205545cc50527a6d01eb53487c59f00bd59d2e858a834e2/django_components-0.141.4-py3-none-any.whl", hash = "sha256:fe5cd83b99f75ee5dbd4293d6ab863c71a69be64289562ef7a960ce994dcfb3e", size = 221779, upload-time = "2025-08-15T08:44:24.073Z" },
]

[[package]]
name = "djangorestframework"
version = "3.16.1"
source = { registry = "https://pypi.org/simple" }
dependencies = [
    { name = "django" },
]
sdist = { url = "https://files.pythonhosted.org/packages/8a/95/5376fe618646fde6899b3cdc85fd959716bb67542e273a76a80d9f326f27/djangorestframework-3.16.1.tar.gz", hash = "sha256:166809528b1aced0a17dc66c24492af18049f2c9420dbd0be29422029cfc3ff7", size = 1089735, upload-time = "2025-08-06T17:50:53.251Z" }
wheels = [
    { url = "https://files.pythonhosted.org/packages/b0/ce/bf8b9d3f415be4ac5588545b5fcdbbb841977db1c1d923f7568eeabe1689/djangorestframework-3.16.1-py3-none-any.whl", hash = "sha256:33a59f47fb9c85ede792cbf88bde71893bcda0667bc573f784649521f1102cec", size = 1080442, upload-time = "2025-08-06T17:50:50.667Z" },
]

[[package]]
name = "djc-core-html-parser"
version = "1.0.2"
source = { registry = "https://pypi.org/simple" }
sdist = { url = "https://files.pythonhosted.org/packages/2a/fd/841abba157450b526f49026703f20f21992075d9f882e878a96177014ade/djc_core_html_parser-1.0.2.tar.gz", hash = "sha256:8e98741832b1c0c36348022107d9536c466a952c8f07343f3632165db6f393c2", size = 17257, upload-time = "2025-03-22T11:12:31.943Z" }
wheels = [
    { url = "https://files.pythonhosted.org/packages/c9/99/b4782dbcefede2368924939efe7ed807607528142975cc7931ab2bd880c1/djc_core_html_parser-1.0.2-cp312-cp312-macosx_10_12_x86_64.whl", hash = "sha256:7a6588f6f3ac7f825ebd70ed0fd348ffcbb71b67a6b97a9f0918abc951c026b1", size = 249739, upload-time = "2025-03-22T11:11:14.946Z" },
    { url = "https://files.pythonhosted.org/packages/0d/38/f3e518c3d4c751c99241113c15d85422c3c1237d063eca9bebb466c4d187/djc_core_html_parser-1.0.2-cp312-cp312-macosx_11_0_arm64.whl", hash = "sha256:72af514de25754c6c0707217251bed43cbbd2727c5e1c30951778e8834917c96", size = 239841, upload-time = "2025-03-22T11:11:10.824Z" },
    { url = "https://files.pythonhosted.org/packages/b6/fc/08ce09f4e25e47b2bc919a6b510588a83eadcd99ba184c39ce0c2572fa42/djc_core_html_parser-1.0.2-cp312-cp312-manylinux_2_17_aarch64.manylinux2014_aarch64.whl", hash = "sha256:f89a736c221ded75d94ca12258fb5447429bc0376abcf33e940b81a7a5392776", size = 1009455, upload-time = "2025-03-22T11:09:34.026Z" },
    { url = "https://files.pythonhosted.org/packages/2f/f7/d90e6cc9ff249ad1c1cac7b7ef8da1bbf787dde91dc752e95f7021c9cb4a/djc_core_html_parser-1.0.2-cp312-cp312-manylinux_2_17_armv7l.manylinux2014_armv7l.whl", hash = "sha256:cf9003ec550616b2d8721f00c4c27c1c5d30500ba9f308f5e91a37525443b09b", size = 1021507, upload-time = "2025-03-22T11:09:51.971Z" },
    { url = "https://files.pythonhosted.org/packages/aa/bd/8dd766a981d692dbbb68360973e00d4a0233369398d692da95cdcd17df6e/djc_core_html_parser-1.0.2-cp312-cp312-manylinux_2_17_ppc64le.manylinux2014_ppc64le.whl", hash = "sha256:0ad02194a500a72a4715403796e51e7b31bbe36ed2e15260467e51a4378013ed", size = 1024385, upload-time = "2025-03-22T11:10:09.327Z" },
    { url = "https://files.pythonhosted.org/packages/23/c5/0e42b1aa8c605c4ab5d1a36da92b1b494fb6ab4a49c8433d2881b461345c/djc_core_html_parser-1.0.2-cp312-cp312-manylinux_2_17_s390x.manylinux2014_s390x.whl", hash = "sha256:e803b4e2c6d54a806c37b8eb93c0e4ef2ffca183b8ec5c20ccb4bfd162ff5161", size = 1253049, upload-time = "2025-03-22T11:10:27.065Z" },
    { url = "https://files.pythonhosted.org/packages/86/77/4680db49fd441012cabe5def3135dadffe512cb731d0e90587b71f564461/djc_core_html_parser-1.0.2-cp312-cp312-manylinux_2_17_x86_64.manylinux2014_x86_64.whl", hash = "sha256:e111631f773ce128854cc01ad197b555f2ffef1eb46ab46c1377df65e8fc59b2", size = 1026146, upload-time = "2025-03-22T11:10:59.14Z" },
    { url = "https://files.pythonhosted.org/packages/be/5e/4f68ad7c35100203b2a39bcdc52a78047c5ebe4572e5cef869a2df1faf91/djc_core_html_parser-1.0.2-cp312-cp312-manylinux_2_5_i686.manylinux1_i686.whl", hash = "sha256:0778e4c43636882a070ab2955e9374cd152beebac75b91f9c2e5afbc474532c3", size = 1025129, upload-time = "2025-03-22T11:10:45.853Z" },
    { url = "https://files.pythonhosted.org/packages/15/7c/81f91e9e0e76759f2be8ba8907b089b18790a4fd588427553ce35af0782b/djc_core_html_parser-1.0.2-cp312-cp312-musllinux_1_2_aarch64.whl", hash = "sha256:84b47cdcb695b0dbcef36f3dc67ff5b8c4bd8a9c4f9d70caf175fce8a4101787", size = 1183657, upload-time = "2025-03-22T11:11:21.667Z" },
    { url = "https://files.pythonhosted.org/packages/3e/1a/8e26353daef325d5f9e8a14874467d4229f7144f021fc8d81c17cc4469e3/djc_core_html_parser-1.0.2-cp312-cp312-musllinux_1_2_armv7l.whl", hash = "sha256:cf31a0aa1449d7b5031e9f325225fba135899478b65cb49342c8260457aec4c4", size = 1280164, upload-time = "2025-03-22T11:11:39.374Z" },
    { url = "https://files.pythonhosted.org/packages/57/2d/c3d45e379ad2a8dcb26a11f9ee98a9a3146ee06b2504fdb80f8f248fdbdc/djc_core_html_parser-1.0.2-cp312-cp312-musllinux_1_2_i686.whl", hash = "sha256:13faa923b650189a62311bd083181656fc90c3326af47a95ba532b0831db7971", size = 1197641, upload-time = "2025-03-22T11:11:57.683Z" },
    { url = "https://files.pythonhosted.org/packages/38/69/4c87d0b244b6017a47ff3e18791fc5811505d0cb9f930d93788144b88756/djc_core_html_parser-1.0.2-cp312-cp312-musllinux_1_2_x86_64.whl", hash = "sha256:3d2fd9839321f645b6a7a27c1ac1ffab9a39d8262f6a2fa8570a12a27fe110f2", size = 1194521, upload-time = "2025-03-22T11:12:16.679Z" },
    { url = "https://files.pythonhosted.org/packages/38/94/86b5f1f1eec3614675e88710acdb0f9408b464ca073408bde50e8efa026f/djc_core_html_parser-1.0.2-cp312-cp312-win32.whl", hash = "sha256:8c3add44f133c92db99e911a043c303991b3ee2e6fe562e66fef4109d7b8c49b", size = 135952, upload-time = "2025-03-22T11:12:45.099Z" },
    { url = "https://files.pythonhosted.org/packages/33/37/5a2063aa64ab6e31e75edf8454d2673324f24466f2022f34bd0e32721fc3/djc_core_html_parser-1.0.2-cp312-cp312-win_amd64.whl", hash = "sha256:0c1d80854de1e419fef6474eee7018a5969ca6ed57cbcf1e8c909d387cf69654", size = 141509, upload-time = "2025-03-22T11:12:36.254Z" },
    { url = "https://files.pythonhosted.org/packages/31/09/ba1f4b718acb9e309ac1affc24f4a8c05c7e7d3d6cb4ae468b7e4eaec7ce/djc_core_html_parser-1.0.2-cp313-cp313-macosx_10_12_x86_64.whl", hash = "sha256:7afb8054d4d6e14fe3965c3f45d2553bebd83fb8b38d1c7006aebd7af22b3653", size = 249739, upload-time = "2025-03-22T11:11:16.279Z" },
    { url = "https://files.pythonhosted.org/packages/6c/e1/0bcc622ff7302a8ca7bcf4b2470a8a0d077511c0156a420ce7af08923cc0/djc_core_html_parser-1.0.2-cp313-cp313-macosx_11_0_arm64.whl", hash = "sha256:803c73f99ff644ab9961755b80143c4edeaa6ee88fc0faa0d887dadf3a26ad35", size = 239842, upload-time = "2025-03-22T11:11:12.168Z" },
    { url = "https://files.pythonhosted.org/packages/cf/18/626061b9e6517e075d0139edf12fd6de024c08d4beb830452ab26d683555/djc_core_html_parser-1.0.2-cp313-cp313-manylinux_2_17_aarch64.manylinux2014_aarch64.whl", hash = "sha256:7b33636e8ed5615b4b7500428b69a30a3857ca050be7d350fbc57c8a025021b7", size = 1009456, upload-time = "2025-03-22T11:09:35.679Z" },
    { url = "https://files.pythonhosted.org/packages/80/72/8c1788f9299fbba77d1dfad28201abc5af51fb1fe87248e0dd4c66c78317/djc_core_html_parser-1.0.2-cp313-cp313-manylinux_2_17_armv7l.manylinux2014_armv7l.whl", hash = "sha256:9a970c25f38f0cf59a2a6595b8a6834a514d5edee26e80170c65ca4a8ae41f0b", size = 1021508, upload-time = "2025-03-22T11:09:53.513Z" },
    { url = "https://files.pythonhosted.org/packages/c3/2e/52deb6216ff1f5d398f01ef674fe6a61353ae86453f54ac7b291ed67054e/djc_core_html_parser-1.0.2-cp313-cp313-manylinux_2_17_ppc64le.manylinux2014_ppc64le.whl", hash = "sha256:93e99c4b3007d4bfa5dc239a7693e9c6edce5605436fd7dab612758a187c0020", size = 1024387, upload-time = "2025-03-22T11:10:11.333Z" },
    { url = "https://files.pythonhosted.org/packages/7c/51/af3b44e27923d771c732bc28385417c962286d7f6ed855e31a3efcced408/djc_core_html_parser-1.0.2-cp313-cp313-manylinux_2_17_s390x.manylinux2014_s390x.whl", hash = "sha256:c5d8383126709abfad1ace658a8aefa72f9e56d77b1818929adad9066ac91594", size = 1253051, upload-time = "2025-03-22T11:10:28.584Z" },
    { url = "https://files.pythonhosted.org/packages/de/52/631e7f4f45a73646133d0faa7a27c3233c59cd7429450c4cc5385ee7445d/djc_core_html_parser-1.0.2-cp313-cp313-manylinux_2_17_x86_64.manylinux2014_x86_64.whl", hash = "sha256:039c01b06f8ba01845ffdc09b21a5ee998141ff9b673c8b6fa6570e7531a8f10", size = 1026145, upload-time = "2025-03-22T11:11:00.839Z" },
    { url = "https://files.pythonhosted.org/packages/63/1e/a69631bc755683f636bc56de842241d5af064df2b8741983922a4381fecc/djc_core_html_parser-1.0.2-cp313-cp313-manylinux_2_5_i686.manylinux1_i686.whl", hash = "sha256:cb9f839b226183214becad4355e3d5281ae78b4c5517fa77a552cd29cdbddc63", size = 1025128, upload-time = "2025-03-22T11:10:47.484Z" },
    { url = "https://files.pythonhosted.org/packages/b1/3f/0048ddd81670ec5fd95a01f77cec20867e7572f009d4163b44cefd5f1017/djc_core_html_parser-1.0.2-cp313-cp313-musllinux_1_2_aarch64.whl", hash = "sha256:b296121c15e373c2569229907fb4f56ab01b184797215b2ad1bede2051900b08", size = 1183658, upload-time = "2025-03-22T11:11:23.43Z" },
    { url = "https://files.pythonhosted.org/packages/bb/ab/090840898696ef388531d200bb6d08b72607f5d232c4d18c65d17651cb54/djc_core_html_parser-1.0.2-cp313-cp313-musllinux_1_2_armv7l.whl", hash = "sha256:23d834e4a91c3c96ba503bbf49bfd49b29f1f8f7437353cdeb5ec5988cc0562f", size = 1280163, upload-time = "2025-03-22T11:11:41.137Z" },
    { url = "https://files.pythonhosted.org/packages/6f/c2/cfaf41a278b8485179d8ceed5cd8d2527294ec33cec7fd5c31257643410c/djc_core_html_parser-1.0.2-cp313-cp313-musllinux_1_2_i686.whl", hash = "sha256:6d0aa795126db1c495120076cb972fc8d6fbc63295d0011512e235cfaf5e4a78", size = 1197642, upload-time = "2025-03-22T11:11:59.878Z" },
    { url = "https://files.pythonhosted.org/packages/4b/b7/eb53898f72dd05be0e78d5d50cd60426b56c8d1dc3eb574051cedd1603e9/djc_core_html_parser-1.0.2-cp313-cp313-musllinux_1_2_x86_64.whl", hash = "sha256:caa2651dbf3600d01685adb4f71520edfc0aba7ce7833608f332a2901d366d51", size = 1194522, upload-time = "2025-03-22T11:12:18.79Z" },
    { url = "https://files.pythonhosted.org/packages/4d/92/d64b7bce2281ec90b1f7b5ca34599c2ab8795a441379f67f91e53fa02079/djc_core_html_parser-1.0.2-cp313-cp313-win32.whl", hash = "sha256:4d448ae5f64019af11cb92bd8e551fee75965e9d01822e8d392077e92036edea", size = 135950, upload-time = "2025-03-22T11:12:46.536Z" },
    { url = "https://files.pythonhosted.org/packages/c8/37/c73e2453b1eae724c9c81a2c8d5dfbdbb516c0820eb51509438285f233e1/djc_core_html_parser-1.0.2-cp313-cp313-win_amd64.whl", hash = "sha256:c1091c414b662b3f8dd448153c2a69b735c53fca9e64c1b7cc9750a103297ae2", size = 141513, upload-time = "2025-03-22T11:12:38.018Z" },
]

[[package]]
name = "sqlparse"
version = "0.5.3"
source = { registry = "https://pypi.org/simple" }
sdist = { url = "https://files.pythonhosted.org/packages/e5/40/edede8dd6977b0d3da179a342c198ed100dd2aba4be081861ee5911e4da4/sqlparse-0.5.3.tar.gz", hash = "sha256:09f67787f56a0b16ecdbde1bfc7f5d9c3371ca683cfeaa8e6ff60b4807ec9272", size = 84999, upload-time = "2024-12-10T12:05:30.728Z" }
wheels = [
    { url = "https://files.pythonhosted.org/packages/a9/5c/bfd6bd0bf979426d405cc6e71eceb8701b148b16c21d2dc3c261efc61c7b/sqlparse-0.5.3-py3-none-any.whl", hash = "sha256:cf2196ed3418f3ba5de6af7e82c694a9fbdbfecccdfc72e281548517081f16ca", size = 44415, upload-time = "2024-12-10T12:05:27.824Z" },
]

[[package]]
name = "typing-extensions"
version = "4.15.0"
source = { registry = "https://pypi.org/simple" }
sdist = { url = "https://files.pythonhosted.org/packages/72/94/1a15dd82efb362ac84269196e94cf00f187f7ed21c242792a923cdb1c61f/typing_extensions-4.15.0.tar.gz", hash = "sha256:0cea48d173cc12fa28ecabc3b837ea3cf6f38c6d1136f85cbaaf598984861466", size = 109391, upload-time = "2025-08-25T13:49:26.313Z" }
wheels = [
    { url = "https://files.pythonhosted.org/packages/18/67/36e9267722cc04a6b9f15c7f3441c2363321a3ea07da7ae0c0707beb2a9c/typing_extensions-4.15.0-py3-none-any.whl", hash = "sha256:f0fa19c6845758ab08074a0cfa8b7aecb71c999ca73d62883bc25cc018c4e548", size = 44614, upload-time = "2025-08-25T13:49:24.86Z" },
]

[[package]]
name = "tzdata"
version = "2025.2"
source = { registry = "https://pypi.org/simple" }
sdist = { url = "https://files.pythonhosted.org/packages/95/32/1a225d6164441be760d75c2c42e2780dc0873fe382da3e98a2e1e48361e5/tzdata-2025.2.tar.gz", hash = "sha256:b60a638fcc0daffadf82fe0f57e53d06bdec2f36c4df66280ae79bce6bd6f2b9", size = 196380, upload-time = "2025-03-23T13:54:43.652Z" }
wheels = [
    { url = "https://files.pythonhosted.org/packages/5c/23/c7abc0ca0a1526a0774eca151daeb8de62ec457e77262b66b359c3c7679e/tzdata-2025.2-py2.py3-none-any.whl", hash = "sha256:1a403fada01ff9221ca8044d701868fa132215d84beb92242d9acd2147f667a8", size = 347839, upload-time = "2025-03-23T13:54:41.845Z" },
]
